
Microsoft Visual Studio Solution File, Format Version 12.00
# Visual Studio Version 16
VisualStudioVersion = 16.0.31829.152
MinimumVisualStudioVersion = 10.0.40219.1
Project("{9A19103F-16F7-4668-BE54-9A1E7A4F7556}") = "EventManagement", "EventManagement.csproj", "{4E559CEC-FFB3-4E99-B468-06E266528B6C}"
EndProject
Project("{FAE04EC0-301F-11D3-BF4B-00C04F79EFBC}") = "TestProject1", "..\TestProject1\TestProject1.csproj", "{7347F02A-A1D6-4DE8-A6A1-87E5A8FD587B}"
EndProject
Global
	GlobalSection(SolutionConfigurationPlatforms) = preSolution
		Debug|Any CPU = Debug|Any CPU
		Release|Any CPU = Release|Any CPU
	EndGlobalSection
	GlobalSection(ProjectConfigurationPlatforms) = postSolution
		{4E559CEC-FFB3-4E99-B468-06E266528B6C}.Debug|Any CPU.ActiveCfg = Debug|Any CPU
		{4E559CEC-FFB3-4E99-B468-06E266528B6C}.Debug|Any CPU.Build.0 = Debug|Any CPU
		{4E559CEC-FFB3-4E99-B468-06E266528B6C}.Release|Any CPU.ActiveCfg = Release|Any CPU
		{4E559CEC-FFB3-4E99-B468-06E266528B6C}.Release|Any CPU.Build.0 = Release|Any CPU
		{7347F02A-A1D6-4DE8-A6A1-87E5A8FD587B}.Debug|Any CPU.ActiveCfg = Debug|Any CPU
		{7347F02A-A1D6-4DE8-A6A1-87E5A8FD587B}.Debug|Any CPU.Build.0 = Debug|Any CPU
		{7347F02A-A1D6-4DE8-A6A1-87E5A8FD587B}.Release|Any CPU.ActiveCfg = Release|Any CPU
		{7347F02A-A1D6-4DE8-A6A1-87E5A8FD587B}.Release|Any CPU.Build.0 = Release|Any CPU
	EndGlobalSection
	GlobalSection(SolutionProperties) = preSolution
		HideSolutionNode = FALSE
	EndGlobalSection
	GlobalSection(ExtensibilityGlobals) = postSolution
		SolutionGuid = {33614651-92A4-4E13-A6CC-02734E7DE2B0}
	EndGlobalSection
EndGlobal
